{
  "object": {
    "pins": [
      {
        "package": "AppsFlyerLib",
        "repositoryURL": "https://github.com/AppsFlyerSDK/AppsFlyerFramework",
        "state": {
          "branch": null,
          "revision": "88269d96aed888416e5fabbe983f769aa9013d5c",
          "version": "6.17.0"
        }
      },
      {
        "package": "TealiumSwift",
        "repositoryURL": "https://github.com/tealium/tealium-swift",
        "state": {
          "branch": null,
          "revision": "4264a4581e2f9aad5e4dd002282ea2952ec6d5d9",
          "version": "2.17.0"
        }
      }
    ]
  },
  "version": 1
}
