{
  "object": {
    "pins": [
      {
        "package": "AppsFlyerLib",
        "repositoryURL": "https://github.com/AppsFlyerSDK/AppsFlyerFramework",
        "state": {
          "branch": null,
          "revision": "88269d96aed888416e5fabbe983f769aa9013d5c",
          "version": "6.17.0"
        }
      },
      {
        "package": "TealiumSwift",
        "repositoryURL": "https://github.com/tealium/tealium-swift",
        "state": {
          "branch": null,
          "revision": "0dad26baa86977fa9464494beac4c82f75c1b1ff",
          "version": "2.18.0"
        }
      }
    ]
  },
  "version": 1
}
