PODS:
  - AppsFlyerFramework (7.0.2):
    - AppsFlyerFramework/Main (= 7.0.2)
  - AppsFlyerFramework/Main (7.0.2)
  - tealium-swift/Core (2.18.3)
  - tealium-swift/Lifecycle (2.18.3):
    - tealium-swift/Core
  - tealium-swift/RemoteCommands (2.18.3):
    - tealium-swift/Core
  - tealium-swift/TagManagement (2.18.3):
    - tealium-swift/Core
  - TealiumAppsFlyer (4.0.0):
    - AppsFlyerFramework (< 8.0, >= 7.0.2)
    - tealium-swift/Core (~> 2.18)
    - tealium-swift/RemoteCommands (~> 2.18)

DEPENDENCIES:
  - tealium-swift/Core (~> 2.18)
  - tealium-swift/Lifecycle (~> 2.18)
  - tealium-swift/RemoteCommands (~> 2.18)
  - tealium-swift/TagManagement (~> 2.18)
  - TealiumAppsFlyer (from `../`)

SPEC REPOS:
  trunk:
    - AppsFlyerFramework
    - tealium-swift

EXTERNAL SOURCES:
  TealiumAppsFlyer:
    :path: "../"

SPEC CHECKSUMS:
  AppsFlyerFramework: bf96b40ed77d0ad089e5d3e2ae2c0a0d8d62f5b1
  tealium-swift: c9137d28fe7f92f89622e66403ec75a9c0892def
  TealiumAppsFlyer: ef37c11c21c308e0ec2b3f9f55b03a7996d167c6

PODFILE CHECKSUM: da4c4bfaeeb2c5a7c8e7de48a76423a254c8789d

COCOAPODS: 1.17.0
