PODS:
  - AppsFlyerFramework (6.9.2):
    - AppsFlyerFramework/Main (= 6.9.2)
  - AppsFlyerFramework/Main (6.9.2)
  - tealium-swift/Core (2.12.2)
  - tealium-swift/Lifecycle (2.12.2):
    - tealium-swift/Core
  - tealium-swift/RemoteCommands (2.12.2):
    - tealium-swift/Core
  - tealium-swift/TagManagement (2.12.2):
    - tealium-swift/Core
  - TealiumAppsFlyer (2.2.0):
    - AppsFlyerFramework (~> 6.9)
    - tealium-swift/Core (~> 2.12)
    - tealium-swift/RemoteCommands (~> 2.12)

DEPENDENCIES:
  - tealium-swift/Core (~> 2.12)
  - tealium-swift/Lifecycle (~> 2.12)
  - tealium-swift/RemoteCommands (~> 2.12)
  - tealium-swift/TagManagement (~> 2.12)
  - TealiumAppsFlyer (from `../`)

SPEC REPOS:
  trunk:
    - AppsFlyerFramework
    - tealium-swift

EXTERNAL SOURCES:
  TealiumAppsFlyer:
    :path: "../"

SPEC CHECKSUMS:
  AppsFlyerFramework: 75e2e46970e520c88b0456dc6fae98c51b36163a
  tealium-swift: 4b7e3dda42d7c1de6acb769abad9920346d17d43
  TealiumAppsFlyer: 1e08a54a77257c12b61728f599f71c46038d62c9

PODFILE CHECKSUM: 020762b2d03127c8ac33b0e980171983e1f3b58f

COCOAPODS: 1.15.2
